
Microsoft Visual Studio Solution File, Format Version 12.00
# Visual Studio 15
VisualStudioVersion = 15.0.28307.705
MinimumVisualStudioVersion = 10.0.40219.1
Project("{8BC9CEB8-8B4A-11D0-8D11-00A0C91BC942}") = "classwork_2_5", "classwork_2_5\classwork_2_5.vcxproj", "{B4579DCE-3F96-41F8-A2BE-B26D88EEB2BD}"
EndProject
Global
	GlobalSection(SolutionConfigurationPlatforms) = preSolution
		Debug|x64 = Debug|x64
		Debug|x86 = Debug|x86
		Release|x64 = Release|x64
		Release|x86 = Release|x86
	EndGlobalSection
	GlobalSection(ProjectConfigurationPlatforms) = postSolution
		{B4579DCE-3F96-41F8-A2BE-B26D88EEB2BD}.Debug|x64.ActiveCfg = Debug|x64
		{B4579DCE-3F96-41F8-A2BE-B26D88EEB2BD}.Debug|x64.Build.0 = Debug|x64
		{B4579DCE-3F96-41F8-A2BE-B26D88EEB2BD}.Debug|x86.ActiveCfg = Debug|Win32
		{B4579DCE-3F96-41F8-A2BE-B26D88EEB2BD}.Debug|x86.Build.0 = Debug|Win32
		{B4579DCE-3F96-41F8-A2BE-B26D88EEB2BD}.Release|x64.ActiveCfg = Release|x64
		{B4579DCE-3F96-41F8-A2BE-B26D88EEB2BD}.Release|x64.Build.0 = Release|x64
		{B4579DCE-3F96-41F8-A2BE-B26D88EEB2BD}.Release|x86.ActiveCfg = Release|Win32
		{B4579DCE-3F96-41F8-A2BE-B26D88EEB2BD}.Release|x86.Build.0 = Release|Win32
	EndGlobalSection
	GlobalSection(SolutionProperties) = preSolution
		HideSolutionNode = FALSE
	EndGlobalSection
	GlobalSection(ExtensibilityGlobals) = postSolution
		SolutionGuid = {3763F9F8-B60A-43CE-9E72-C5DFE57BC907}
	EndGlobalSection
EndGlobal
