
Microsoft Visual Studio Solution File, Format Version 12.00
# Visual Studio 15
VisualStudioVersion = 15.0.28307.705
MinimumVisualStudioVersion = 10.0.40219.1
Project("{8BC9CEB8-8B4A-11D0-8D11-00A0C91BC942}") = "classwork_2_2", "classwork_2_2\classwork_2_2.vcxproj", "{0D1A25B0-4434-4CE2-B80D-A1152ED8FEFB}"
EndProject
Global
	GlobalSection(SolutionConfigurationPlatforms) = preSolution
		Debug|x64 = Debug|x64
		Debug|x86 = Debug|x86
		Release|x64 = Release|x64
		Release|x86 = Release|x86
	EndGlobalSection
	GlobalSection(ProjectConfigurationPlatforms) = postSolution
		{0D1A25B0-4434-4CE2-B80D-A1152ED8FEFB}.Debug|x64.ActiveCfg = Debug|x64
		{0D1A25B0-4434-4CE2-B80D-A1152ED8FEFB}.Debug|x64.Build.0 = Debug|x64
		{0D1A25B0-4434-4CE2-B80D-A1152ED8FEFB}.Debug|x86.ActiveCfg = Debug|Win32
		{0D1A25B0-4434-4CE2-B80D-A1152ED8FEFB}.Debug|x86.Build.0 = Debug|Win32
		{0D1A25B0-4434-4CE2-B80D-A1152ED8FEFB}.Release|x64.ActiveCfg = Release|x64
		{0D1A25B0-4434-4CE2-B80D-A1152ED8FEFB}.Release|x64.Build.0 = Release|x64
		{0D1A25B0-4434-4CE2-B80D-A1152ED8FEFB}.Release|x86.ActiveCfg = Release|Win32
		{0D1A25B0-4434-4CE2-B80D-A1152ED8FEFB}.Release|x86.Build.0 = Release|Win32
	EndGlobalSection
	GlobalSection(SolutionProperties) = preSolution
		HideSolutionNode = FALSE
	EndGlobalSection
	GlobalSection(ExtensibilityGlobals) = postSolution
		SolutionGuid = {9D953F4B-62AF-440F-837B-3E59AF629815}
	EndGlobalSection
EndGlobal
