
Microsoft Visual Studio Solution File, Format Version 12.00
# Visual Studio Version 16
VisualStudioVersion = 16.0.29306.81
MinimumVisualStudioVersion = 10.0.40219.1
Project("{8BC9CEB8-8B4A-11D0-8D11-00A0C91BC942}") = "4873038H_CW_6_2", "4873038H_CW_6_2\4873038H_CW_6_2.vcxproj", "{818C1E8D-B5F0-443F-A691-072D0831D479}"
EndProject
Global
	GlobalSection(SolutionConfigurationPlatforms) = preSolution
		Debug|x64 = Debug|x64
		Debug|x86 = Debug|x86
		Release|x64 = Release|x64
		Release|x86 = Release|x86
	EndGlobalSection
	GlobalSection(ProjectConfigurationPlatforms) = postSolution
		{818C1E8D-B5F0-443F-A691-072D0831D479}.Debug|x64.ActiveCfg = Debug|x64
		{818C1E8D-B5F0-443F-A691-072D0831D479}.Debug|x64.Build.0 = Debug|x64
		{818C1E8D-B5F0-443F-A691-072D0831D479}.Debug|x86.ActiveCfg = Debug|Win32
		{818C1E8D-B5F0-443F-A691-072D0831D479}.Debug|x86.Build.0 = Debug|Win32
		{818C1E8D-B5F0-443F-A691-072D0831D479}.Release|x64.ActiveCfg = Release|x64
		{818C1E8D-B5F0-443F-A691-072D0831D479}.Release|x64.Build.0 = Release|x64
		{818C1E8D-B5F0-443F-A691-072D0831D479}.Release|x86.ActiveCfg = Release|Win32
		{818C1E8D-B5F0-443F-A691-072D0831D479}.Release|x86.Build.0 = Release|Win32
	EndGlobalSection
	GlobalSection(SolutionProperties) = preSolution
		HideSolutionNode = FALSE
	EndGlobalSection
	GlobalSection(ExtensibilityGlobals) = postSolution
		SolutionGuid = {ECFF3383-A497-4B2D-8F83-21FF84F796EF}
	EndGlobalSection
EndGlobal
